
Microsoft Visual Studio Solution File, Format Version 12.00
# Visual Studio 2013
VisualStudioVersion = 12.0.21005.1
MinimumVisualStudioVersion = 10.0.40219.1
Project("{FAE04EC0-301F-11D3-BF4B-00C04F79EFBC}") = "PracticProject", "PracticProject\PracticProject.csproj", "{596E5CCC-E3C9-448E-991E-F28F7C83B12F}"
EndProject
Global
	GlobalSection(SolutionConfigurationPlatforms) = preSolution
		Debug|Any CPU = Debug|Any CPU
		Release|Any CPU = Release|Any CPU
	EndGlobalSection
	GlobalSection(ProjectConfigurationPlatforms) = postSolution
		{596E5CCC-E3C9-448E-991E-F28F7C83B12F}.Debug|Any CPU.ActiveCfg = Debug|Any CPU
		{596E5CCC-E3C9-448E-991E-F28F7C83B12F}.Debug|Any CPU.Build.0 = Debug|Any CPU
		{596E5CCC-E3C9-448E-991E-F28F7C83B12F}.Release|Any CPU.ActiveCfg = Release|Any CPU
		{596E5CCC-E3C9-448E-991E-F28F7C83B12F}.Release|Any CPU.Build.0 = Release|Any CPU
	EndGlobalSection
	GlobalSection(SolutionProperties) = preSolution
		HideSolutionNode = FALSE
	EndGlobalSection
EndGlobal
